# THIS IS AN AUTOGENERATED FILE. DO NOT EDIT THIS FILE DIRECTLY.
# yarn lockfile v1


laravel-echo@^1.14.0:
  version "1.14.0"
  resolved "https://registry.yarnpkg.com/laravel-echo/-/laravel-echo-1.14.0.tgz#983bbed69bc3ae336a926f79f3bef1d3a53aa6db"
  integrity sha512-5tirx4TKZjyySIUgr3HKnimpVOmdOUdcFamuzNxF2dSftGC5fY1bpGhjOHzBKqHL/XzMRiWQO1FItrvp3iipmw==
